
Microsoft Visual Studio Solution File, Format Version 12.00
# Visual Studio Version 16
VisualStudioVersion = 16.0.31313.79
MinimumVisualStudioVersion = 10.0.40219.1
Project("{9A19103F-16F7-4668-BE54-9A1E7A4F7556}") = "Chia.Net", "Chia.Net\Chia.Net.csproj", "{97CB63D8-596F-4396-8C85-98BA0F761581}"
EndProject
Project("{9A19103F-16F7-4668-BE54-9A1E7A4F7556}") = "KeyCloakApi", "KeyCloakApi\KeyCloakApi.csproj", "{E73BC3B9-D33C-4131-BEC8-417614125A7A}"
EndProject
Project("{9A19103F-16F7-4668-BE54-9A1E7A4F7556}") = "ChiaClientUI", "ChiaClientUI\ChiaClientUI.csproj", "{FA04F75D-93A3-423D-AEAB-78D5D21859BE}"
EndProject
Project("{9A19103F-16F7-4668-BE54-9A1E7A4F7556}") = "Chia.DB", "Chia.DB\Chia.DB.csproj", "{DFFED9D5-8ADF-4AC9-9FE9-43B26DBB0A7B}"
EndProject
Project("{9A19103F-16F7-4668-BE54-9A1E7A4F7556}") = "Chia.Common", "Chia.Common\Chia.Common.csproj", "{0F7D23D0-1ACB-4816-B23B-91475D29E70D}"
EndProject
Project("{9A19103F-16F7-4668-BE54-9A1E7A4F7556}") = "TestWebApplication", "TestWebApplication\TestWebApplication.csproj", "{E7C5091E-2AA0-460C-8EC5-EC6980178553}"
EndProject
Project("{FAE04EC0-301F-11D3-BF4B-00C04F79EFBC}") = "CustomAction", "CustomAction\CustomAction.csproj", "{D5CB474E-BF5F-4E7E-8AA5-1CD970933199}"
EndProject
Project("{FAE04EC0-301F-11D3-BF4B-00C04F79EFBC}") = "CustomActionForms", "CustomActionForms\CustomActionForms.csproj", "{35B8AFA2-7898-4CFA-9035-B9287BC2E8C4}"
EndProject
Project("{9A19103F-16F7-4668-BE54-9A1E7A4F7556}") = "ChiaConsoleClient", "ChiaConsoleClient\ChiaConsoleClient.csproj", "{F4BD760C-483F-4A10-A31E-EB726DEE601B}"
EndProject
Project("{9A19103F-16F7-4668-BE54-9A1E7A4F7556}") = "Chia.ClientCore", "Chia.ClinetCore\Chia.ClientCore.csproj", "{719A7E7A-782E-47F9-B087-33640003D900}"
EndProject
Global
	GlobalSection(SolutionConfigurationPlatforms) = preSolution
		Debug|Any CPU = Debug|Any CPU
		Debug|ARM = Debug|ARM
		Debug|ARM64 = Debug|ARM64
		Debug|x64 = Debug|x64
		Debug|x86 = Debug|x86
		Release|Any CPU = Release|Any CPU
		Release|ARM = Release|ARM
		Release|ARM64 = Release|ARM64
		Release|x64 = Release|x64
		Release|x86 = Release|x86
	EndGlobalSection
	GlobalSection(ProjectConfigurationPlatforms) = postSolution
		{97CB63D8-596F-4396-8C85-98BA0F761581}.Debug|Any CPU.ActiveCfg = Debug|Any CPU
		{97CB63D8-596F-4396-8C85-98BA0F761581}.Debug|Any CPU.Build.0 = Debug|Any CPU
		{97CB63D8-596F-4396-8C85-98BA0F761581}.Debug|ARM.ActiveCfg = Debug|Any CPU
		{97CB63D8-596F-4396-8C85-98BA0F761581}.Debug|ARM.Build.0 = Debug|Any CPU
		{97CB63D8-596F-4396-8C85-98BA0F761581}.Debug|ARM64.ActiveCfg = Debug|Any CPU
		{97CB63D8-596F-4396-8C85-98BA0F761581}.Debug|ARM64.Build.0 = Debug|Any CPU
		{97CB63D8-596F-4396-8C85-98BA0F761581}.Debug|x64.ActiveCfg = Debug|Any CPU
		{97CB63D8-596F-4396-8C85-98BA0F761581}.Debug|x64.Build.0 = Debug|Any CPU
		{97CB63D8-596F-4396-8C85-98BA0F761581}.Debug|x86.ActiveCfg = Debug|Any CPU
		{97CB63D8-596F-4396-8C85-98BA0F761581}.Debug|x86.Build.0 = Debug|Any CPU
		{97CB63D8-596F-4396-8C85-98BA0F761581}.Release|Any CPU.ActiveCfg = Release|Any CPU
		{97CB63D8-596F-4396-8C85-98BA0F761581}.Release|Any CPU.Build.0 = Release|Any CPU
		{97CB63D8-596F-4396-8C85-98BA0F761581}.Release|ARM.ActiveCfg = Release|Any CPU
		{97CB63D8-596F-4396-8C85-98BA0F761581}.Release|ARM.Build.0 = Release|Any CPU
		{97CB63D8-596F-4396-8C85-98BA0F761581}.Release|ARM64.ActiveCfg = Release|Any CPU
		{97CB63D8-596F-4396-8C85-98BA0F761581}.Release|ARM64.Build.0 = Release|Any CPU
		{97CB63D8-596F-4396-8C85-98BA0F761581}.Release|x64.ActiveCfg = Release|Any CPU
		{97CB63D8-596F-4396-8C85-98BA0F761581}.Release|x64.Build.0 = Release|Any CPU
		{97CB63D8-596F-4396-8C85-98BA0F761581}.Release|x86.ActiveCfg = Release|Any CPU
		{97CB63D8-596F-4396-8C85-98BA0F761581}.Release|x86.Build.0 = Release|Any CPU
		{E73BC3B9-D33C-4131-BEC8-417614125A7A}.Debug|Any CPU.ActiveCfg = Debug|Any CPU
		{E73BC3B9-D33C-4131-BEC8-417614125A7A}.Debug|Any CPU.Build.0 = Debug|Any CPU
		{E73BC3B9-D33C-4131-BEC8-417614125A7A}.Debug|ARM.ActiveCfg = Debug|Any CPU
		{E73BC3B9-D33C-4131-BEC8-417614125A7A}.Debug|ARM.Build.0 = Debug|Any CPU
		{E73BC3B9-D33C-4131-BEC8-417614125A7A}.Debug|ARM64.ActiveCfg = Debug|Any CPU
		{E73BC3B9-D33C-4131-BEC8-417614125A7A}.Debug|ARM64.Build.0 = Debug|Any CPU
		{E73BC3B9-D33C-4131-BEC8-417614125A7A}.Debug|x64.ActiveCfg = Debug|Any CPU
		{E73BC3B9-D33C-4131-BEC8-417614125A7A}.Debug|x64.Build.0 = Debug|Any CPU
		{E73BC3B9-D33C-4131-BEC8-417614125A7A}.Debug|x86.ActiveCfg = Debug|Any CPU
		{E73BC3B9-D33C-4131-BEC8-417614125A7A}.Debug|x86.Build.0 = Debug|Any CPU
		{E73BC3B9-D33C-4131-BEC8-417614125A7A}.Release|Any CPU.ActiveCfg = Release|Any CPU
		{E73BC3B9-D33C-4131-BEC8-417614125A7A}.Release|Any CPU.Build.0 = Release|Any CPU
		{E73BC3B9-D33C-4131-BEC8-417614125A7A}.Release|ARM.ActiveCfg = Release|Any CPU
		{E73BC3B9-D33C-4131-BEC8-417614125A7A}.Release|ARM.Build.0 = Release|Any CPU
		{E73BC3B9-D33C-4131-BEC8-417614125A7A}.Release|ARM64.ActiveCfg = Release|Any CPU
		{E73BC3B9-D33C-4131-BEC8-417614125A7A}.Release|ARM64.Build.0 = Release|Any CPU
		{E73BC3B9-D33C-4131-BEC8-417614125A7A}.Release|x64.ActiveCfg = Release|Any CPU
		{E73BC3B9-D33C-4131-BEC8-417614125A7A}.Release|x64.Build.0 = Release|Any CPU
		{E73BC3B9-D33C-4131-BEC8-417614125A7A}.Release|x86.ActiveCfg = Release|Any CPU
		{E73BC3B9-D33C-4131-BEC8-417614125A7A}.Release|x86.Build.0 = Release|Any CPU
		{FA04F75D-93A3-423D-AEAB-78D5D21859BE}.Debug|Any CPU.ActiveCfg = Debug|Any CPU
		{FA04F75D-93A3-423D-AEAB-78D5D21859BE}.Debug|Any CPU.Build.0 = Debug|Any CPU
		{FA04F75D-93A3-423D-AEAB-78D5D21859BE}.Debug|ARM.ActiveCfg = Debug|Any CPU
		{FA04F75D-93A3-423D-AEAB-78D5D21859BE}.Debug|ARM.Build.0 = Debug|Any CPU
		{FA04F75D-93A3-423D-AEAB-78D5D21859BE}.Debug|ARM64.ActiveCfg = Debug|Any CPU
		{FA04F75D-93A3-423D-AEAB-78D5D21859BE}.Debug|ARM64.Build.0 = Debug|Any CPU
		{FA04F75D-93A3-423D-AEAB-78D5D21859BE}.Debug|x64.ActiveCfg = Debug|Any CPU
		{FA04F75D-93A3-423D-AEAB-78D5D21859BE}.Debug|x64.Build.0 = Debug|Any CPU
		{FA04F75D-93A3-423D-AEAB-78D5D21859BE}.Debug|x86.ActiveCfg = Debug|Any CPU
		{FA04F75D-93A3-423D-AEAB-78D5D21859BE}.Debug|x86.Build.0 = Debug|Any CPU
		{FA04F75D-93A3-423D-AEAB-78D5D21859BE}.Release|Any CPU.ActiveCfg = Release|Any CPU
		{FA04F75D-93A3-423D-AEAB-78D5D21859BE}.Release|Any CPU.Build.0 = Release|Any CPU
		{FA04F75D-93A3-423D-AEAB-78D5D21859BE}.Release|ARM.ActiveCfg = Release|Any CPU
		{FA04F75D-93A3-423D-AEAB-78D5D21859BE}.Release|ARM.Build.0 = Release|Any CPU
		{FA04F75D-93A3-423D-AEAB-78D5D21859BE}.Release|ARM64.ActiveCfg = Release|Any CPU
		{FA04F75D-93A3-423D-AEAB-78D5D21859BE}.Release|ARM64.Build.0 = Release|Any CPU
		{FA04F75D-93A3-423D-AEAB-78D5D21859BE}.Release|x64.ActiveCfg = Release|Any CPU
		{FA04F75D-93A3-423D-AEAB-78D5D21859BE}.Release|x64.Build.0 = Release|Any CPU
		{FA04F75D-93A3-423D-AEAB-78D5D21859BE}.Release|x86.ActiveCfg = Release|Any CPU
		{FA04F75D-93A3-423D-AEAB-78D5D21859BE}.Release|x86.Build.0 = Release|Any CPU
		{DFFED9D5-8ADF-4AC9-9FE9-43B26DBB0A7B}.Debug|Any CPU.ActiveCfg = Debug|Any CPU
		{DFFED9D5-8ADF-4AC9-9FE9-43B26DBB0A7B}.Debug|Any CPU.Build.0 = Debug|Any CPU
		{DFFED9D5-8ADF-4AC9-9FE9-43B26DBB0A7B}.Debug|ARM.ActiveCfg = Debug|Any CPU
		{DFFED9D5-8ADF-4AC9-9FE9-43B26DBB0A7B}.Debug|ARM.Build.0 = Debug|Any CPU
		{DFFED9D5-8ADF-4AC9-9FE9-43B26DBB0A7B}.Debug|ARM64.ActiveCfg = Debug|Any CPU
		{DFFED9D5-8ADF-4AC9-9FE9-43B26DBB0A7B}.Debug|ARM64.Build.0 = Debug|Any CPU
		{DFFED9D5-8ADF-4AC9-9FE9-43B26DBB0A7B}.Debug|x64.ActiveCfg = Debug|Any CPU
		{DFFED9D5-8ADF-4AC9-9FE9-43B26DBB0A7B}.Debug|x64.Build.0 = Debug|Any CPU
		{DFFED9D5-8ADF-4AC9-9FE9-43B26DBB0A7B}.Debug|x86.ActiveCfg = Debug|Any CPU
		{DFFED9D5-8ADF-4AC9-9FE9-43B26DBB0A7B}.Debug|x86.Build.0 = Debug|Any CPU
		{DFFED9D5-8ADF-4AC9-9FE9-43B26DBB0A7B}.Release|Any CPU.ActiveCfg = Release|Any CPU
		{DFFED9D5-8ADF-4AC9-9FE9-43B26DBB0A7B}.Release|Any CPU.Build.0 = Release|Any CPU
		{DFFED9D5-8ADF-4AC9-9FE9-43B26DBB0A7B}.Release|ARM.ActiveCfg = Release|Any CPU
		{DFFED9D5-8ADF-4AC9-9FE9-43B26DBB0A7B}.Release|ARM.Build.0 = Release|Any CPU
		{DFFED9D5-8ADF-4AC9-9FE9-43B26DBB0A7B}.Release|ARM64.ActiveCfg = Release|Any CPU
		{DFFED9D5-8ADF-4AC9-9FE9-43B26DBB0A7B}.Release|ARM64.Build.0 = Release|Any CPU
		{DFFED9D5-8ADF-4AC9-9FE9-43B26DBB0A7B}.Release|x64.ActiveCfg = Release|Any CPU
		{DFFED9D5-8ADF-4AC9-9FE9-43B26DBB0A7B}.Release|x64.Build.0 = Release|Any CPU
		{DFFED9D5-8ADF-4AC9-9FE9-43B26DBB0A7B}.Release|x86.ActiveCfg = Release|Any CPU
		{DFFED9D5-8ADF-4AC9-9FE9-43B26DBB0A7B}.Release|x86.Build.0 = Release|Any CPU
		{0F7D23D0-1ACB-4816-B23B-91475D29E70D}.Debug|Any CPU.ActiveCfg = Debug|Any CPU
		{0F7D23D0-1ACB-4816-B23B-91475D29E70D}.Debug|Any CPU.Build.0 = Debug|Any CPU
		{0F7D23D0-1ACB-4816-B23B-91475D29E70D}.Debug|ARM.ActiveCfg = Debug|Any CPU
		{0F7D23D0-1ACB-4816-B23B-91475D29E70D}.Debug|ARM.Build.0 = Debug|Any CPU
		{0F7D23D0-1ACB-4816-B23B-91475D29E70D}.Debug|ARM64.ActiveCfg = Debug|Any CPU
		{0F7D23D0-1ACB-4816-B23B-91475D29E70D}.Debug|ARM64.Build.0 = Debug|Any CPU
		{0F7D23D0-1ACB-4816-B23B-91475D29E70D}.Debug|x64.ActiveCfg = Debug|Any CPU
		{0F7D23D0-1ACB-4816-B23B-91475D29E70D}.Debug|x64.Build.0 = Debug|Any CPU
		{0F7D23D0-1ACB-4816-B23B-91475D29E70D}.Debug|x86.ActiveCfg = Debug|Any CPU
		{0F7D23D0-1ACB-4816-B23B-91475D29E70D}.Debug|x86.Build.0 = Debug|Any CPU
		{0F7D23D0-1ACB-4816-B23B-91475D29E70D}.Release|Any CPU.ActiveCfg = Release|Any CPU
		{0F7D23D0-1ACB-4816-B23B-91475D29E70D}.Release|Any CPU.Build.0 = Release|Any CPU
		{0F7D23D0-1ACB-4816-B23B-91475D29E70D}.Release|ARM.ActiveCfg = Release|Any CPU
		{0F7D23D0-1ACB-4816-B23B-91475D29E70D}.Release|ARM.Build.0 = Release|Any CPU
		{0F7D23D0-1ACB-4816-B23B-91475D29E70D}.Release|ARM64.ActiveCfg = Release|Any CPU
		{0F7D23D0-1ACB-4816-B23B-91475D29E70D}.Release|ARM64.Build.0 = Release|Any CPU
		{0F7D23D0-1ACB-4816-B23B-91475D29E70D}.Release|x64.ActiveCfg = Release|Any CPU
		{0F7D23D0-1ACB-4816-B23B-91475D29E70D}.Release|x64.Build.0 = Release|Any CPU
		{0F7D23D0-1ACB-4816-B23B-91475D29E70D}.Release|x86.ActiveCfg = Release|Any CPU
		{0F7D23D0-1ACB-4816-B23B-91475D29E70D}.Release|x86.Build.0 = Release|Any CPU
		{E7C5091E-2AA0-460C-8EC5-EC6980178553}.Debug|Any CPU.ActiveCfg = Debug|Any CPU
		{E7C5091E-2AA0-460C-8EC5-EC6980178553}.Debug|Any CPU.Build.0 = Debug|Any CPU
		{E7C5091E-2AA0-460C-8EC5-EC6980178553}.Debug|ARM.ActiveCfg = Debug|Any CPU
		{E7C5091E-2AA0-460C-8EC5-EC6980178553}.Debug|ARM.Build.0 = Debug|Any CPU
		{E7C5091E-2AA0-460C-8EC5-EC6980178553}.Debug|ARM64.ActiveCfg = Debug|Any CPU
		{E7C5091E-2AA0-460C-8EC5-EC6980178553}.Debug|ARM64.Build.0 = Debug|Any CPU
		{E7C5091E-2AA0-460C-8EC5-EC6980178553}.Debug|x64.ActiveCfg = Debug|Any CPU
		{E7C5091E-2AA0-460C-8EC5-EC6980178553}.Debug|x64.Build.0 = Debug|Any CPU
		{E7C5091E-2AA0-460C-8EC5-EC6980178553}.Debug|x86.ActiveCfg = Debug|Any CPU
		{E7C5091E-2AA0-460C-8EC5-EC6980178553}.Debug|x86.Build.0 = Debug|Any CPU
		{E7C5091E-2AA0-460C-8EC5-EC6980178553}.Release|Any CPU.ActiveCfg = Release|Any CPU
		{E7C5091E-2AA0-460C-8EC5-EC6980178553}.Release|Any CPU.Build.0 = Release|Any CPU
		{E7C5091E-2AA0-460C-8EC5-EC6980178553}.Release|ARM.ActiveCfg = Release|Any CPU
		{E7C5091E-2AA0-460C-8EC5-EC6980178553}.Release|ARM.Build.0 = Release|Any CPU
		{E7C5091E-2AA0-460C-8EC5-EC6980178553}.Release|ARM64.ActiveCfg = Release|Any CPU
		{E7C5091E-2AA0-460C-8EC5-EC6980178553}.Release|ARM64.Build.0 = Release|Any CPU
		{E7C5091E-2AA0-460C-8EC5-EC6980178553}.Release|x64.ActiveCfg = Release|Any CPU
		{E7C5091E-2AA0-460C-8EC5-EC6980178553}.Release|x64.Build.0 = Release|Any CPU
		{E7C5091E-2AA0-460C-8EC5-EC6980178553}.Release|x86.ActiveCfg = Release|Any CPU
		{E7C5091E-2AA0-460C-8EC5-EC6980178553}.Release|x86.Build.0 = Release|Any CPU
		{D5CB474E-BF5F-4E7E-8AA5-1CD970933199}.Debug|Any CPU.ActiveCfg = Debug|x86
		{D5CB474E-BF5F-4E7E-8AA5-1CD970933199}.Debug|ARM.ActiveCfg = Debug|x86
		{D5CB474E-BF5F-4E7E-8AA5-1CD970933199}.Debug|ARM64.ActiveCfg = Debug|x86
		{D5CB474E-BF5F-4E7E-8AA5-1CD970933199}.Debug|x64.ActiveCfg = Debug|x86
		{D5CB474E-BF5F-4E7E-8AA5-1CD970933199}.Debug|x86.ActiveCfg = Debug|x86
		{D5CB474E-BF5F-4E7E-8AA5-1CD970933199}.Debug|x86.Build.0 = Debug|x86
		{D5CB474E-BF5F-4E7E-8AA5-1CD970933199}.Release|Any CPU.ActiveCfg = Release|x86
		{D5CB474E-BF5F-4E7E-8AA5-1CD970933199}.Release|ARM.ActiveCfg = Release|x86
		{D5CB474E-BF5F-4E7E-8AA5-1CD970933199}.Release|ARM64.ActiveCfg = Release|x86
		{D5CB474E-BF5F-4E7E-8AA5-1CD970933199}.Release|x64.ActiveCfg = Release|x86
		{D5CB474E-BF5F-4E7E-8AA5-1CD970933199}.Release|x86.ActiveCfg = Release|x86
		{D5CB474E-BF5F-4E7E-8AA5-1CD970933199}.Release|x86.Build.0 = Release|x86
		{35B8AFA2-7898-4CFA-9035-B9287BC2E8C4}.Debug|Any CPU.ActiveCfg = Debug|Any CPU
		{35B8AFA2-7898-4CFA-9035-B9287BC2E8C4}.Debug|ARM.ActiveCfg = Debug|Any CPU
		{35B8AFA2-7898-4CFA-9035-B9287BC2E8C4}.Debug|ARM.Build.0 = Debug|Any CPU
		{35B8AFA2-7898-4CFA-9035-B9287BC2E8C4}.Debug|ARM64.ActiveCfg = Debug|Any CPU
		{35B8AFA2-7898-4CFA-9035-B9287BC2E8C4}.Debug|ARM64.Build.0 = Debug|Any CPU
		{35B8AFA2-7898-4CFA-9035-B9287BC2E8C4}.Debug|x64.ActiveCfg = Debug|x64
		{35B8AFA2-7898-4CFA-9035-B9287BC2E8C4}.Debug|x64.Build.0 = Debug|x64
		{35B8AFA2-7898-4CFA-9035-B9287BC2E8C4}.Debug|x86.ActiveCfg = Debug|x86
		{35B8AFA2-7898-4CFA-9035-B9287BC2E8C4}.Debug|x86.Build.0 = Debug|x86
		{35B8AFA2-7898-4CFA-9035-B9287BC2E8C4}.Release|Any CPU.ActiveCfg = Release|Any CPU
		{35B8AFA2-7898-4CFA-9035-B9287BC2E8C4}.Release|Any CPU.Build.0 = Release|Any CPU
		{35B8AFA2-7898-4CFA-9035-B9287BC2E8C4}.Release|ARM.ActiveCfg = Release|Any CPU
		{35B8AFA2-7898-4CFA-9035-B9287BC2E8C4}.Release|ARM.Build.0 = Release|Any CPU
		{35B8AFA2-7898-4CFA-9035-B9287BC2E8C4}.Release|ARM64.ActiveCfg = Release|Any CPU
		{35B8AFA2-7898-4CFA-9035-B9287BC2E8C4}.Release|ARM64.Build.0 = Release|Any CPU
		{35B8AFA2-7898-4CFA-9035-B9287BC2E8C4}.Release|x64.ActiveCfg = Release|x64
		{35B8AFA2-7898-4CFA-9035-B9287BC2E8C4}.Release|x64.Build.0 = Release|x64
		{35B8AFA2-7898-4CFA-9035-B9287BC2E8C4}.Release|x86.ActiveCfg = Release|x86
		{35B8AFA2-7898-4CFA-9035-B9287BC2E8C4}.Release|x86.Build.0 = Release|x86
		{F4BD760C-483F-4A10-A31E-EB726DEE601B}.Debug|Any CPU.ActiveCfg = Debug|Any CPU
		{F4BD760C-483F-4A10-A31E-EB726DEE601B}.Debug|Any CPU.Build.0 = Debug|Any CPU
		{F4BD760C-483F-4A10-A31E-EB726DEE601B}.Debug|ARM.ActiveCfg = Debug|Any CPU
		{F4BD760C-483F-4A10-A31E-EB726DEE601B}.Debug|ARM.Build.0 = Debug|Any CPU
		{F4BD760C-483F-4A10-A31E-EB726DEE601B}.Debug|ARM64.ActiveCfg = Debug|Any CPU
		{F4BD760C-483F-4A10-A31E-EB726DEE601B}.Debug|ARM64.Build.0 = Debug|Any CPU
		{F4BD760C-483F-4A10-A31E-EB726DEE601B}.Debug|x64.ActiveCfg = Debug|Any CPU
		{F4BD760C-483F-4A10-A31E-EB726DEE601B}.Debug|x64.Build.0 = Debug|Any CPU
		{F4BD760C-483F-4A10-A31E-EB726DEE601B}.Debug|x86.ActiveCfg = Debug|Any CPU
		{F4BD760C-483F-4A10-A31E-EB726DEE601B}.Debug|x86.Build.0 = Debug|Any CPU
		{F4BD760C-483F-4A10-A31E-EB726DEE601B}.Release|Any CPU.ActiveCfg = Release|Any CPU
		{F4BD760C-483F-4A10-A31E-EB726DEE601B}.Release|Any CPU.Build.0 = Release|Any CPU
		{F4BD760C-483F-4A10-A31E-EB726DEE601B}.Release|ARM.ActiveCfg = Release|Any CPU
		{F4BD760C-483F-4A10-A31E-EB726DEE601B}.Release|ARM.Build.0 = Release|Any CPU
		{F4BD760C-483F-4A10-A31E-EB726DEE601B}.Release|ARM64.ActiveCfg = Release|Any CPU
		{F4BD760C-483F-4A10-A31E-EB726DEE601B}.Release|ARM64.Build.0 = Release|Any CPU
		{F4BD760C-483F-4A10-A31E-EB726DEE601B}.Release|x64.ActiveCfg = Release|Any CPU
		{F4BD760C-483F-4A10-A31E-EB726DEE601B}.Release|x64.Build.0 = Release|Any CPU
		{F4BD760C-483F-4A10-A31E-EB726DEE601B}.Release|x86.ActiveCfg = Release|Any CPU
		{F4BD760C-483F-4A10-A31E-EB726DEE601B}.Release|x86.Build.0 = Release|Any CPU
		{719A7E7A-782E-47F9-B087-33640003D900}.Debug|Any CPU.ActiveCfg = Debug|Any CPU
		{719A7E7A-782E-47F9-B087-33640003D900}.Debug|Any CPU.Build.0 = Debug|Any CPU
		{719A7E7A-782E-47F9-B087-33640003D900}.Debug|ARM.ActiveCfg = Debug|Any CPU
		{719A7E7A-782E-47F9-B087-33640003D900}.Debug|ARM.Build.0 = Debug|Any CPU
		{719A7E7A-782E-47F9-B087-33640003D900}.Debug|ARM64.ActiveCfg = Debug|Any CPU
		{719A7E7A-782E-47F9-B087-33640003D900}.Debug|ARM64.Build.0 = Debug|Any CPU
		{719A7E7A-782E-47F9-B087-33640003D900}.Debug|x64.ActiveCfg = Debug|Any CPU
		{719A7E7A-782E-47F9-B087-33640003D900}.Debug|x64.Build.0 = Debug|Any CPU
		{719A7E7A-782E-47F9-B087-33640003D900}.Debug|x86.ActiveCfg = Debug|Any CPU
		{719A7E7A-782E-47F9-B087-33640003D900}.Debug|x86.Build.0 = Debug|Any CPU
		{719A7E7A-782E-47F9-B087-33640003D900}.Release|Any CPU.ActiveCfg = Release|Any CPU
		{719A7E7A-782E-47F9-B087-33640003D900}.Release|Any CPU.Build.0 = Release|Any CPU
		{719A7E7A-782E-47F9-B087-33640003D900}.Release|ARM.ActiveCfg = Release|Any CPU
		{719A7E7A-782E-47F9-B087-33640003D900}.Release|ARM.Build.0 = Release|Any CPU
		{719A7E7A-782E-47F9-B087-33640003D900}.Release|ARM64.ActiveCfg = Release|Any CPU
		{719A7E7A-782E-47F9-B087-33640003D900}.Release|ARM64.Build.0 = Release|Any CPU
		{719A7E7A-782E-47F9-B087-33640003D900}.Release|x64.ActiveCfg = Release|Any CPU
		{719A7E7A-782E-47F9-B087-33640003D900}.Release|x64.Build.0 = Release|Any CPU
		{719A7E7A-782E-47F9-B087-33640003D900}.Release|x86.ActiveCfg = Release|Any CPU
		{719A7E7A-782E-47F9-B087-33640003D900}.Release|x86.Build.0 = Release|Any CPU
	EndGlobalSection
	GlobalSection(SolutionProperties) = preSolution
		HideSolutionNode = FALSE
	EndGlobalSection
	GlobalSection(ExtensibilityGlobals) = postSolution
		SolutionGuid = {5E04523F-4B13-4ACE-A743-6E7CEA8235EE}
	EndGlobalSection
EndGlobal
